
Microsoft Visual Studio Solution File, Format Version 12.00
# Visual Studio Version 17
VisualStudioVersion = 17.3.32922.545
MinimumVisualStudioVersion = 10.0.40219.1
Project("{FAE04EC0-301F-11D3-BF4B-00C04F79EFBC}") = "TemperaturModifikator", "TemperaturModifikator.csproj", "{8AF751D3-2C66-462A-8BB0-0CC555312F2A}"
EndProject
Global
	GlobalSection(SolutionConfigurationPlatforms) = preSolution
		Debug|Any CPU = Debug|Any CPU
		Release|Any CPU = Release|Any CPU
	EndGlobalSection
	GlobalSection(ProjectConfigurationPlatforms) = postSolution
		{8AF751D3-2C66-462A-8BB0-0CC555312F2A}.Debug|Any CPU.ActiveCfg = Debug|Any CPU
		{8AF751D3-2C66-462A-8BB0-0CC555312F2A}.Debug|Any CPU.Build.0 = Debug|Any CPU
		{8AF751D3-2C66-462A-8BB0-0CC555312F2A}.Release|Any CPU.ActiveCfg = Release|Any CPU
		{8AF751D3-2C66-462A-8BB0-0CC555312F2A}.Release|Any CPU.Build.0 = Release|Any CPU
	EndGlobalSection
	GlobalSection(SolutionProperties) = preSolution
		HideSolutionNode = FALSE
	EndGlobalSection
	GlobalSection(ExtensibilityGlobals) = postSolution
		SolutionGuid = {AB95526C-9347-4028-B8C5-81FCD8CB57E3}
	EndGlobalSection
EndGlobal
